
Microsoft Visual Studio Solution File, Format Version 12.00
# Visual Studio Version 17
VisualStudioVersion = 17.7.34009.444
MinimumVisualStudioVersion = 10.0.40219.1
Project("{FAE04EC0-301F-11D3-BF4B-00C04F79EFBC}") = "UserService", "UserService\UserService.csproj", "{8C92B2ED-2E2C-4064-B5A7-C5A1679A199F}"
EndProject
Project("{FAE04EC0-301F-11D3-BF4B-00C04F79EFBC}") = "PostService", "PostService\PostService.csproj", "{4447CF95-672C-4527-9E51-21004A331151}"
EndProject
Global
	GlobalSection(SolutionConfigurationPlatforms) = preSolution
		Debug|Any CPU = Debug|Any CPU
		Release|Any CPU = Release|Any CPU
	EndGlobalSection
	GlobalSection(ProjectConfigurationPlatforms) = postSolution
		{8C92B2ED-2E2C-4064-B5A7-C5A1679A199F}.Debug|Any CPU.ActiveCfg = Debug|Any CPU
		{8C92B2ED-2E2C-4064-B5A7-C5A1679A199F}.Debug|Any CPU.Build.0 = Debug|Any CPU
		{8C92B2ED-2E2C-4064-B5A7-C5A1679A199F}.Release|Any CPU.ActiveCfg = Release|Any CPU
		{8C92B2ED-2E2C-4064-B5A7-C5A1679A199F}.Release|Any CPU.Build.0 = Release|Any CPU
		{4447CF95-672C-4527-9E51-21004A331151}.Debug|Any CPU.ActiveCfg = Debug|Any CPU
		{4447CF95-672C-4527-9E51-21004A331151}.Debug|Any CPU.Build.0 = Debug|Any CPU
		{4447CF95-672C-4527-9E51-21004A331151}.Release|Any CPU.ActiveCfg = Release|Any CPU
		{4447CF95-672C-4527-9E51-21004A331151}.Release|Any CPU.Build.0 = Release|Any CPU
	EndGlobalSection
	GlobalSection(SolutionProperties) = preSolution
		HideSolutionNode = FALSE
	EndGlobalSection
	GlobalSection(ExtensibilityGlobals) = postSolution
		SolutionGuid = {04F7D3A1-A6E8-4DB7-8290-1AA1700D817D}
	EndGlobalSection
EndGlobal
